// !$*UTF8*$!
{
	archiveVersion = 1;
	classes = {
	};
	objectVersion = 46;
	objects = {

/* Begin PBXBuildFile section */
		967374FF19164F2A005F4291 /* Foundation.framework in Frameworks */ = {isa = PBXBuildFile; fileRef = 967374FE19164F2A005F4291 /* Foundation.framework */; };
		9673750119164F2A005F4291 /* CoreGraphics.framework in Frameworks */ = {isa = PBXBuildFile; fileRef = 9673750019164F2A005F4291 /* CoreGraphics.framework */; };
		9673750319164F2A005F4291 /* UIKit.framework in Frameworks */ = {isa = PBXBuildFile; fileRef = 9673750219164F2A005F4291 /* UIKit.framework */; };
		9673750919164F2A005F4291 /* InfoPlist.strings in Resources */ = {isa = PBXBuildFile; fileRef = 9673750719164F2A005F4291 /* InfoPlist.strings */; };
		9673750B19164F2A005F4291 /* main.m in Sources */ = {isa = PBXBuildFile; fileRef = 9673750A19164F2A005F4291 /* main.m */; };
		9673750F19164F2A005F4291 /* JSAppDelegate.m in Sources */ = {isa = PBXBuildFile; fileRef = 9673750E19164F2A005F4291 /* JSAppDelegate.m */; };
		9673751219164F2A005F4291 /* Main.storyboard in Resources */ = {isa = PBXBuildFile; fileRef = 9673751019164F2A005F4291 /* Main.storyboard */; };
		9673751519164F2A005F4291 /* JSViewController.m in Sources */ = {isa = PBXBuildFile; fileRef = 9673751419164F2A005F4291 /* JSViewController.m */; };
		9673751719164F2A005F4291 /* Images.xcassets in Resources */ = {isa = PBXBuildFile; fileRef = 9673751619164F2A005F4291 /* Images.xcassets */; };
		9673751E19164F2A005F4291 /* XCTest.framework in Frameworks */ = {isa = PBXBuildFile; fileRef = 9673751D19164F2A005F4291 /* XCTest.framework */; };
		9673751F19164F2A005F4291 /* Foundation.framework in Frameworks */ = {isa = PBXBuildFile; fileRef = 967374FE19164F2A005F4291 /* Foundation.framework */; };
		9673752019164F2A005F4291 /* UIKit.framework in Frameworks */ = {isa = PBXBuildFile; fileRef = 9673750219164F2A005F4291 /* UIKit.framework */; };
		9673752819164F2A005F4291 /* InfoPlist.strings in Resources */ = {isa = PBXBuildFile; fileRef = 9673752619164F2A005F4291 /* InfoPlist.strings */; };
		9673752A19164F2A005F4291 /* ViewUndViewControllerTests.m in Sources */ = {isa = PBXBuildFile; fileRef = 9673752919164F2A005F4291 /* ViewUndViewControllerTests.m */; };
/* End PBXBuildFile section */

/* Begin PBXContainerItemProxy section */
		9673752119164F2A005F4291 /* PBXContainerItemProxy */ = {
			isa = PBXContainerItemProxy;
			containerPortal = 967374F319164F2A005F4291 /* Project object */;
			proxyType = 1;
			remoteGlobalIDString = 967374FA19164F2A005F4291;
			remoteInfo = ViewUndViewController;
		};
/* End PBXContainerItemProxy section */

/* Begin PBXFileReference section */
		967374FB19164F2A005F4291 /* ViewUndViewController.app */ = {isa = PBXFileReference; explicitFileType = wrapper.application; includeInIndex = 0; path = ViewUndViewController.app; sourceTree = BUILT_PRODUCTS_DIR; };
		967374FE19164F2A005F4291 /* Foundation.framework */ = {isa = PBXFileReference; lastKnownFileType = wrapper.framework; name = Foundation.framework; path = System/Library/Frameworks/Foundation.framework; sourceTree = SDKROOT; };
		9673750019164F2A005F4291 /* CoreGraphics.framework */ = {isa = PBXFileReference; lastKnownFileType = wrapper.framework; name = CoreGraphics.framework; path = System/Library/Frameworks/CoreGraphics.framework; sourceTree = SDKROOT; };
		9673750219164F2A005F4291 /* UIKit.framework */ = {isa = PBXFileReference; lastKnownFileType = wrapper.framework; name = UIKit.framework; path = System/Library/Frameworks/UIKit.framework; sourceTree = SDKROOT; };
		9673750619164F2A005F4291 /* ViewUndViewController-Info.plist */ = {isa = PBXFileReference; lastKnownFileType = text.plist.xml; path = "ViewUndViewController-Info.plist"; sourceTree = "<group>"; };
		9673750819164F2A005F4291 /* en */ = {isa = PBXFileReference; lastKnownFileType = text.plist.strings; name = en; path = en.lproj/InfoPlist.strings; sourceTree = "<group>"; };
		9673750A19164F2A005F4291 /* main.m */ = {isa = PBXFileReference; lastKnownFileType = sourcecode.c.objc; path = main.m; sourceTree = "<group>"; };
		9673750C19164F2A005F4291 /* ViewUndViewController-Prefix.pch */ = {isa = PBXFileReference; lastKnownFileType = sourcecode.c.h; path = "ViewUndViewController-Prefix.pch"; sourceTree = "<group>"; };
		9673750D19164F2A005F4291 /* JSAppDelegate.h */ = {isa = PBXFileReference; lastKnownFileType = sourcecode.c.h; path = JSAppDelegate.h; sourceTree = "<group>"; };
		9673750E19164F2A005F4291 /* JSAppDelegate.m */ = {isa = PBXFileReference; lastKnownFileType = sourcecode.c.objc; path = JSAppDelegate.m; sourceTree = "<group>"; };
		9673751119164F2A005F4291 /* Base */ = {isa = PBXFileReference; lastKnownFileType = file.storyboard; name = Base; path = Base.lproj/Main.storyboard; sourceTree = "<group>"; };
		9673751319164F2A005F4291 /* JSViewController.h */ = {isa = PBXFileReference; lastKnownFileType = sourcecode.c.h; path = JSViewController.h; sourceTree = "<group>"; };
		9673751419164F2A005F4291 /* JSViewController.m */ = {isa = PBXFileReference; lastKnownFileType = sourcecode.c.objc; path = JSViewController.m; sourceTree = "<group>"; };
		9673751619164F2A005F4291 /* Images.xcassets */ = {isa = PBXFileReference; lastKnownFileType = folder.assetcatalog; path = Images.xcassets; sourceTree = "<group>"; };
		9673751C19164F2A005F4291 /* ViewUndViewControllerTests.xctest */ = {isa = PBXFileReference; explicitFileType = wrapper.cfbundle; includeInIndex = 0; path = ViewUndViewControllerTests.xctest; sourceTree = BUILT_PRODUCTS_DIR; };
		9673751D19164F2A005F4291 /* XCTest.framework */ = {isa = PBXFileReference; lastKnownFileType = wrapper.framework; name = XCTest.framework; path = Library/Frameworks/XCTest.framework; sourceTree = DEVELOPER_DIR; };
		9673752519164F2A005F4291 /* ViewUndViewControllerTests-Info.plist */ = {isa = PBXFileReference; lastKnownFileType = text.plist.xml; path = "ViewUndViewControllerTests-Info.plist"; sourceTree = "<group>"; };
		9673752719164F2A005F4291 /* en */ = {isa = PBXFileReference; lastKnownFileType = text.plist.strings; name = en; path = en.lproj/InfoPlist.strings; sourceTree = "<group>"; };
		9673752919164F2A005F4291 /* ViewUndViewControllerTests.m */ = {isa = PBXFileReference; lastKnownFileType = sourcecode.c.objc; path = ViewUndViewControllerTests.m; sourceTree = "<group>"; };
/* End PBXFileReference section */

/* Begin PBXFrameworksBuildPhase section */
		967374F819164F2A005F4291 /* Frameworks */ = {
			isa = PBXFrameworksBuildPhase;
			buildActionMask = 2147483647;
			files = (
				9673750119164F2A005F4291 /* CoreGraphics.framework in Frameworks */,
				9673750319164F2A005F4291 /* UIKit.framework in Frameworks */,
				967374FF19164F2A005F4291 /* Foundation.framework in Frameworks */,
			);
			runOnlyForDeploymentPostprocessing = 0;
		};
		9673751919164F2A005F4291 /* Frameworks */ = {
			isa = PBXFrameworksBuildPhase;
			buildActionMask = 2147483647;
			files = (
				9673751E19164F2A005F4291 /* XCTest.framework in Frameworks */,
				9673752019164F2A005F4291 /* UIKit.framework in Frameworks */,
				9673751F19164F2A005F4291 /* Foundation.framework in Frameworks */,
			);
			runOnlyForDeploymentPostprocessing = 0;
		};
/* End PBXFrameworksBuildPhase section */

/* Begin PBXGroup section */
		967374F219164F2A005F4291 = {
			isa = PBXGroup;
			children = (
				9673750419164F2A005F4291 /* ViewUndViewController */,
				9673752319164F2A005F4291 /* ViewUndViewControllerTests */,
				967374FD19164F2A005F4291 /* Frameworks */,
				967374FC19164F2A005F4291 /* Products */,
			);
			sourceTree = "<group>";
		};
		967374FC19164F2A005F4291 /* Products */ = {
			isa = PBXGroup;
			children = (
				967374FB19164F2A005F4291 /* ViewUndViewController.app */,
				9673751C19164F2A005F4291 /* ViewUndViewControllerTests.xctest */,
			);
			name = Products;
			sourceTree = "<group>";
		};
		967374FD19164F2A005F4291 /* Frameworks */ = {
			isa = PBXGroup;
			children = (
				967374FE19164F2A005F4291 /* Foundation.framework */,
				9673750019164F2A005F4291 /* CoreGraphics.framework */,
				9673750219164F2A005F4291 /* UIKit.framework */,
				9673751D19164F2A005F4291 /* XCTest.framework */,
			);
			name = Frameworks;
			sourceTree = "<group>";
		};
		9673750419164F2A005F4291 /* ViewUndViewController */ = {
			isa = PBXGroup;
			children = (
				9673750D19164F2A005F4291 /* JSAppDelegate.h */,
				9673750E19164F2A005F4291 /* JSAppDelegate.m */,
				9673751019164F2A005F4291 /* Main.storyboard */,
				9673751319164F2A005F4291 /* JSViewController.h */,
				9673751419164F2A005F4291 /* JSViewController.m */,
				9673751619164F2A005F4291 /* Images.xcassets */,
				9673750519164F2A005F4291 /* Supporting Files */,
			);
			path = ViewUndViewController;
			sourceTree = "<group>";
		};
		9673750519164F2A005F4291 /* Supporting Files */ = {
			isa = PBXGroup;
			children = (
				9673750619164F2A005F4291 /* ViewUndViewController-Info.plist */,
				9673750719164F2A005F4291 /* InfoPlist.strings */,
				9673750A19164F2A005F4291 /* main.m */,
				9673750C19164F2A005F4291 /* ViewUndViewController-Prefix.pch */,
			);
			name = "Supporting Files";
			sourceTree = "<group>";
		};
		9673752319164F2A005F4291 /* ViewUndViewControllerTests */ = {
			isa = PBXGroup;
			children = (
				9673752919164F2A005F4291 /* ViewUndViewControllerTests.m */,
				9673752419164F2A005F4291 /* Supporting Files */,
			);
			path = ViewUndViewControllerTests;
			sourceTree = "<group>";
		};
		9673752419164F2A005F4291 /* Supporting Files */ = {
			isa = PBXGroup;
			children = (
				9673752519164F2A005F4291 /* ViewUndViewControllerTests-Info.plist */,
				9673752619164F2A005F4291 /* InfoPlist.strings */,
			);
			name = "Supporting Files";
			sourceTree = "<group>";
		};
/* End PBXGroup section */

/* Begin PBXNativeTarget section */
		967374FA19164F2A005F4291 /* ViewUndViewController */ = {
			isa = PBXNativeTarget;
			buildConfigurationList = 9673752D19164F2A005F4291 /* Build configuration list for PBXNativeTarget "ViewUndViewController" */;
			buildPhases = (
				967374F719164F2A005F4291 /* Sources */,
				967374F819164F2A005F4291 /* Frameworks */,
				967374F919164F2A005F4291 /* Resources */,
			);
			buildRules = (
			);
			dependencies = (
			);
			name = ViewUndViewController;
			productName = ViewUndViewController;
			productReference = 967374FB19164F2A005F4291 /* ViewUndViewController.app */;
			productType = "com.apple.product-type.application";
		};
		9673751B19164F2A005F4291 /* ViewUndViewControllerTests */ = {
			isa = PBXNativeTarget;
			buildConfigurationList = 9673753019164F2A005F4291 /* Build configuration list for PBXNativeTarget "ViewUndViewControllerTests" */;
			buildPhases = (
				9673751819164F2A005F4291 /* Sources */,
				9673751919164F2A005F4291 /* Frameworks */,
				9673751A19164F2A005F4291 /* Resources */,
			);
			buildRules = (
			);
			dependencies = (
				9673752219164F2A005F4291 /* PBXTargetDependency */,
			);
			name = ViewUndViewControllerTests;
			productName = ViewUndViewControllerTests;
			productReference = 9673751C19164F2A005F4291 /* ViewUndViewControllerTests.xctest */;
			productType = "com.apple.product-type.bundle.unit-test";
		};
/* End PBXNativeTarget section */

/* Begin PBXProject section */
		967374F319164F2A005F4291 /* Project object */ = {
			isa = PBXProject;
			attributes = {
				CLASSPREFIX = JS;
				LastUpgradeCheck = 0510;
				ORGANIZATIONNAME = jasonstyle;
				TargetAttributes = {
					9673751B19164F2A005F4291 = {
						TestTargetID = 967374FA19164F2A005F4291;
					};
				};
			};
			buildConfigurationList = 967374F619164F2A005F4291 /* Build configuration list for PBXProject "ViewUndViewController" */;
			compatibilityVersion = "Xcode 3.2";
			developmentRegion = English;
			hasScannedForEncodings = 0;
			knownRegions = (
				en,
				Base,
			);
			mainGroup = 967374F219164F2A005F4291;
			productRefGroup = 967374FC19164F2A005F4291 /* Products */;
			projectDirPath = "";
			projectRoot = "";
			targets = (
				967374FA19164F2A005F4291 /* ViewUndViewController */,
				9673751B19164F2A005F4291 /* ViewUndViewControllerTests */,
			);
		};
/* End PBXProject section */

/* Begin PBXResourcesBuildPhase section */
		967374F919164F2A005F4291 /* Resources */ = {
			isa = PBXResourcesBuildPhase;
			buildActionMask = 2147483647;
			files = (
				9673751719164F2A005F4291 /* Images.xcassets in Resources */,
				9673750919164F2A005F4291 /* InfoPlist.strings in Resources */,
				9673751219164F2A005F4291 /* Main.storyboard in Resources */,
			);
			runOnlyForDeploymentPostprocessing = 0;
		};
		9673751A19164F2A005F4291 /* Resources */ = {
			isa = PBXResourcesBuildPhase;
			buildActionMask = 2147483647;
			files = (
				9673752819164F2A005F4291 /* InfoPlist.strings in Resources */,
			);
			runOnlyForDeploymentPostprocessing = 0;
		};
/* End PBXResourcesBuildPhase section */

/* Begin PBXSourcesBuildPhase section */
		967374F719164F2A005F4291 /* Sources */ = {
			isa = PBXSourcesBuildPhase;
			buildActionMask = 2147483647;
			files = (
				9673750B19164F2A005F4291 /* main.m in Sources */,
				9673751519164F2A005F4291 /* JSViewController.m in Sources */,
				9673750F19164F2A005F4291 /* JSAppDelegate.m in Sources */,
			);
			runOnlyForDeploymentPostprocessing = 0;
		};
		9673751819164F2A005F4291 /* Sources */ = {
			isa = PBXSourcesBuildPhase;
			buildActionMask = 2147483647;
			files = (
				9673752A19164F2A005F4291 /* ViewUndViewControllerTests.m in Sources */,
			);
			runOnlyForDeploymentPostprocessing = 0;
		};
/* End PBXSourcesBuildPhase section */

/* Begin PBXTargetDependency section */
		9673752219164F2A005F4291 /* PBXTargetDependency */ = {
			isa = PBXTargetDependency;
			target = 967374FA19164F2A005F4291 /* ViewUndViewController */;
			targetProxy = 9673752119164F2A005F4291 /* PBXContainerItemProxy */;
		};
/* End PBXTargetDependency section */

/* Begin PBXVariantGroup section */
		9673750719164F2A005F4291 /* InfoPlist.strings */ = {
			isa = PBXVariantGroup;
			children = (
				9673750819164F2A005F4291 /* en */,
			);
			name = InfoPlist.strings;
			sourceTree = "<group>";
		};
		9673751019164F2A005F4291 /* Main.storyboard */ = {
			isa = PBXVariantGroup;
			children = (
				9673751119164F2A005F4291 /* Base */,
			);
			name = Main.storyboard;
			sourceTree = "<group>";
		};
		9673752619164F2A005F4291 /* InfoPlist.strings */ = {
			isa = PBXVariantGroup;
			children = (
				9673752719164F2A005F4291 /* en */,
			);
			name = InfoPlist.strings;
			sourceTree = "<group>";
		};
/* End PBXVariantGroup section */

/* Begin XCBuildConfiguration section */
		9673752B19164F2A005F4291 /* Debug */ = {
			isa = XCBuildConfiguration;
			buildSettings = {
				ALWAYS_SEARCH_USER_PATHS = NO;
				CLANG_CXX_LANGUAGE_STANDARD = "gnu++0x";
				CLANG_CXX_LIBRARY = "libc++";
				CLANG_ENABLE_MODULES = YES;
				CLANG_ENABLE_OBJC_ARC = YES;
				CLANG_WARN_BOOL_CONVERSION = YES;
				CLANG_WARN_CONSTANT_CONVERSION = YES;
				CLANG_WARN_DIRECT_OBJC_ISA_USAGE = YES_ERROR;
				CLANG_WARN_EMPTY_BODY = YES;
				CLANG_WARN_ENUM_CONVERSION = YES;
				CLANG_WARN_INT_CONVERSION = YES;
				CLANG_WARN_OBJC_ROOT_CLASS = YES_ERROR;
				CLANG_WARN__DUPLICATE_METHOD_MATCH = YES;
				"CODE_SIGN_IDENTITY[sdk=iphoneos*]" = "iPhone Developer";
				COPY_PHASE_STRIP = NO;
				GCC_C_LANGUAGE_STANDARD = gnu99;
				GCC_DYNAMIC_NO_PIC = NO;
				GCC_OPTIMIZATION_LEVEL = 0;
				GCC_PREPROCESSOR_DEFINITIONS = (
					"DEBUG=1",
					"$(inherited)",
				);
				GCC_SYMBOLS_PRIVATE_EXTERN = NO;
				GCC_WARN_64_TO_32_BIT_CONVERSION = YES;
				GCC_WARN_ABOUT_RETURN_TYPE = YES_ERROR;
				GCC_WARN_UNDECLARED_SELECTOR = YES;
				GCC_WARN_UNINITIALIZED_AUTOS = YES_AGGRESSIVE;
				GCC_WARN_UNUSED_FUNCTION = YES;
				GCC_WARN_UNUSED_VARIABLE = YES;
				IPHONEOS_DEPLOYMENT_TARGET = 7.1;
				ONLY_ACTIVE_ARCH = YES;
				SDKROOT = iphoneos;
			};
			name = Debug;
		};
		9673752C19164F2A005F4291 /* Release */ = {
			isa = XCBuildConfiguration;
			buildSettings = {
				ALWAYS_SEARCH_USER_PATHS = NO;
				CLANG_CXX_LANGUAGE_STANDARD = "gnu++0x";
				CLANG_CXX_LIBRARY = "libc++";
				CLANG_ENABLE_MODULES = YES;
				CLANG_ENABLE_OBJC_ARC = YES;
				CLANG_WARN_BOOL_CONVERSION = YES;
				CLANG_WARN_CONSTANT_CONVERSION = YES;
				CLANG_WARN_DIRECT_OBJC_ISA_USAGE = YES_ERROR;
				CLANG_WARN_EMPTY_BODY = YES;
				CLANG_WARN_ENUM_CONVERSION = YES;
				CLANG_WARN_INT_CONVERSION = YES;
				CLANG_WARN_OBJC_ROOT_CLASS = YES_ERROR;
				CLANG_WARN__DUPLICATE_METHOD_MATCH = YES;
				"CODE_SIGN_IDENTITY[sdk=iphoneos*]" = "iPhone Developer";
				COPY_PHASE_STRIP = YES;
				ENABLE_NS_ASSERTIONS = NO;
				GCC_C_LANGUAGE_STANDARD = gnu99;
				GCC_WARN_64_TO_32_BIT_CONVERSION = YES;
				GCC_WARN_ABOUT_RETURN_TYPE = YES_ERROR;
				GCC_WARN_UNDECLARED_SELECTOR = YES;
				GCC_WARN_UNINITIALIZED_AUTOS = YES_AGGRESSIVE;
				GCC_WARN_UNUSED_FUNCTION = YES;
				GCC_WARN_UNUSED_VARIABLE = YES;
				IPHONEOS_DEPLOYMENT_TARGET = 7.1;
				SDKROOT = iphoneos;
				VALIDATE_PRODUCT = YES;
			};
			name = Release;
		};
		9673752E19164F2A005F4291 /* Debug */ = {
			isa = XCBuildConfiguration;
			buildSettings = {
				ASSETCATALOG_COMPILER_APPICON_NAME = AppIcon;
				ASSETCATALOG_COMPILER_LAUNCHIMAGE_NAME = LaunchImage;
				GCC_PRECOMPILE_PREFIX_HEADER = YES;
				GCC_PREFIX_HEADER = "ViewUndViewController/ViewUndViewController-Prefix.pch";
				INFOPLIST_FILE = "ViewUndViewController/ViewUndViewController-Info.plist";
				PRODUCT_NAME = "$(TARGET_NAME)";
				WRAPPER_EXTENSION = app;
			};
			name = Debug;
		};
		9673752F19164F2A005F4291 /* Release */ = {
			isa = XCBuildConfiguration;
			buildSettings = {
				ASSETCATALOG_COMPILER_APPICON_NAME = AppIcon;
				ASSETCATALOG_COMPILER_LAUNCHIMAGE_NAME = LaunchImage;
				GCC_PRECOMPILE_PREFIX_HEADER = YES;
				GCC_PREFIX_HEADER = "ViewUndViewController/ViewUndViewController-Prefix.pch";
				INFOPLIST_FILE = "ViewUndViewController/ViewUndViewController-Info.plist";
				PRODUCT_NAME = "$(TARGET_NAME)";
				WRAPPER_EXTENSION = app;
			};
			name = Release;
		};
		9673753119164F2A005F4291 /* Debug */ = {
			isa = XCBuildConfiguration;
			buildSettings = {
				BUNDLE_LOADER = "$(BUILT_PRODUCTS_DIR)/ViewUndViewController.app/ViewUndViewController";
				FRAMEWORK_SEARCH_PATHS = (
					"$(SDKROOT)/Developer/Library/Frameworks",
					"$(inherited)",
					"$(DEVELOPER_FRAMEWORKS_DIR)",
				);
				GCC_PRECOMPILE_PREFIX_HEADER = YES;
				GCC_PREFIX_HEADER = "ViewUndViewController/ViewUndViewController-Prefix.pch";
				GCC_PREPROCESSOR_DEFINITIONS = (
					"DEBUG=1",
					"$(inherited)",
				);
				INFOPLIST_FILE = "ViewUndViewControllerTests/ViewUndViewControllerTests-Info.plist";
				PRODUCT_NAME = "$(TARGET_NAME)";
				TEST_HOST = "$(BUNDLE_LOADER)";
				WRAPPER_EXTENSION = xctest;
			};
			name = Debug;
		};
		9673753219164F2A005F4291 /* Release */ = {
			isa = XCBuildConfiguration;
			buildSettings = {
				BUNDLE_LOADER = "$(BUILT_PRODUCTS_DIR)/ViewUndViewController.app/ViewUndViewController";
				FRAMEWORK_SEARCH_PATHS = (
					"$(SDKROOT)/Developer/Library/Frameworks",
					"$(inherited)",
					"$(DEVELOPER_FRAMEWORKS_DIR)",
				);
				GCC_PRECOMPILE_PREFIX_HEADER = YES;
				GCC_PREFIX_HEADER = "ViewUndViewController/ViewUndViewController-Prefix.pch";
				INFOPLIST_FILE = "ViewUndViewControllerTests/ViewUndViewControllerTests-Info.plist";
				PRODUCT_NAME = "$(TARGET_NAME)";
				TEST_HOST = "$(BUNDLE_LOADER)";
				WRAPPER_EXTENSION = xctest;
			};
			name = Release;
		};
/* End XCBuildConfiguration section */

/* Begin XCConfigurationList section */
		967374F619164F2A005F4291 /* Build configuration list for PBXProject "ViewUndViewController" */ = {
			isa = XCConfigurationList;
			buildConfigurations = (
				9673752B19164F2A005F4291 /* Debug */,
				9673752C19164F2A005F4291 /* Release */,
			);
			defaultConfigurationIsVisible = 0;
			defaultConfigurationName = Release;
		};
		9673752D19164F2A005F4291 /* Build configuration list for PBXNativeTarget "ViewUndViewController" */ = {
			isa = XCConfigurationList;
			buildConfigurations = (
				9673752E19164F2A005F4291 /* Debug */,
				9673752F19164F2A005F4291 /* Release */,
			);
			defaultConfigurationIsVisible = 0;
		};
		9673753019164F2A005F4291 /* Build configuration list for PBXNativeTarget "ViewUndViewControllerTests" */ = {
			isa = XCConfigurationList;
			buildConfigurations = (
				9673753119164F2A005F4291 /* Debug */,
				9673753219164F2A005F4291 /* Release */,
			);
			defaultConfigurationIsVisible = 0;
		};
/* End XCConfigurationList section */
	};
	rootObject = 967374F319164F2A005F4291 /* Project object */;
}
