// !$*UTF8*$!
{
	archiveVersion = 1;
	classes = {
	};
	objectVersion = 46;
	objects = {

/* Begin PBXBuildFile section */
		9673743119158A68005F4291 /* Foundation.framework in Frameworks */ = {isa = PBXBuildFile; fileRef = 9673743019158A68005F4291 /* Foundation.framework */; };
		9673743319158A68005F4291 /* CoreGraphics.framework in Frameworks */ = {isa = PBXBuildFile; fileRef = 9673743219158A68005F4291 /* CoreGraphics.framework */; };
		9673743519158A68005F4291 /* UIKit.framework in Frameworks */ = {isa = PBXBuildFile; fileRef = 9673743419158A68005F4291 /* UIKit.framework */; };
		9673743B19158A68005F4291 /* InfoPlist.strings in Resources */ = {isa = PBXBuildFile; fileRef = 9673743919158A68005F4291 /* InfoPlist.strings */; };
		9673743D19158A68005F4291 /* main.m in Sources */ = {isa = PBXBuildFile; fileRef = 9673743C19158A68005F4291 /* main.m */; };
		9673744119158A68005F4291 /* JSAppDelegate.m in Sources */ = {isa = PBXBuildFile; fileRef = 9673744019158A68005F4291 /* JSAppDelegate.m */; };
		9673744419158A68005F4291 /* Main.storyboard in Resources */ = {isa = PBXBuildFile; fileRef = 9673744219158A68005F4291 /* Main.storyboard */; };
		9673744719158A68005F4291 /* JSViewController.m in Sources */ = {isa = PBXBuildFile; fileRef = 9673744619158A68005F4291 /* JSViewController.m */; };
		9673744919158A68005F4291 /* Images.xcassets in Resources */ = {isa = PBXBuildFile; fileRef = 9673744819158A68005F4291 /* Images.xcassets */; };
		9673745019158A68005F4291 /* XCTest.framework in Frameworks */ = {isa = PBXBuildFile; fileRef = 9673744F19158A68005F4291 /* XCTest.framework */; };
		9673745119158A68005F4291 /* Foundation.framework in Frameworks */ = {isa = PBXBuildFile; fileRef = 9673743019158A68005F4291 /* Foundation.framework */; };
		9673745219158A68005F4291 /* UIKit.framework in Frameworks */ = {isa = PBXBuildFile; fileRef = 9673743419158A68005F4291 /* UIKit.framework */; };
		9673745A19158A68005F4291 /* InfoPlist.strings in Resources */ = {isa = PBXBuildFile; fileRef = 9673745819158A68005F4291 /* InfoPlist.strings */; };
		9673745C19158A68005F4291 /* LiteralsTests.m in Sources */ = {isa = PBXBuildFile; fileRef = 9673745B19158A68005F4291 /* LiteralsTests.m */; };
/* End PBXBuildFile section */

/* Begin PBXContainerItemProxy section */
		9673745319158A68005F4291 /* PBXContainerItemProxy */ = {
			isa = PBXContainerItemProxy;
			containerPortal = 9673742519158A68005F4291 /* Project object */;
			proxyType = 1;
			remoteGlobalIDString = 9673742C19158A68005F4291;
			remoteInfo = Literals;
		};
/* End PBXContainerItemProxy section */

/* Begin PBXFileReference section */
		9673742D19158A68005F4291 /* Literals.app */ = {isa = PBXFileReference; explicitFileType = wrapper.application; includeInIndex = 0; path = Literals.app; sourceTree = BUILT_PRODUCTS_DIR; };
		9673743019158A68005F4291 /* Foundation.framework */ = {isa = PBXFileReference; lastKnownFileType = wrapper.framework; name = Foundation.framework; path = System/Library/Frameworks/Foundation.framework; sourceTree = SDKROOT; };
		9673743219158A68005F4291 /* CoreGraphics.framework */ = {isa = PBXFileReference; lastKnownFileType = wrapper.framework; name = CoreGraphics.framework; path = System/Library/Frameworks/CoreGraphics.framework; sourceTree = SDKROOT; };
		9673743419158A68005F4291 /* UIKit.framework */ = {isa = PBXFileReference; lastKnownFileType = wrapper.framework; name = UIKit.framework; path = System/Library/Frameworks/UIKit.framework; sourceTree = SDKROOT; };
		9673743819158A68005F4291 /* Literals-Info.plist */ = {isa = PBXFileReference; lastKnownFileType = text.plist.xml; path = "Literals-Info.plist"; sourceTree = "<group>"; };
		9673743A19158A68005F4291 /* en */ = {isa = PBXFileReference; lastKnownFileType = text.plist.strings; name = en; path = en.lproj/InfoPlist.strings; sourceTree = "<group>"; };
		9673743C19158A68005F4291 /* main.m */ = {isa = PBXFileReference; lastKnownFileType = sourcecode.c.objc; path = main.m; sourceTree = "<group>"; };
		9673743E19158A68005F4291 /* Literals-Prefix.pch */ = {isa = PBXFileReference; lastKnownFileType = sourcecode.c.h; path = "Literals-Prefix.pch"; sourceTree = "<group>"; };
		9673743F19158A68005F4291 /* JSAppDelegate.h */ = {isa = PBXFileReference; lastKnownFileType = sourcecode.c.h; path = JSAppDelegate.h; sourceTree = "<group>"; };
		9673744019158A68005F4291 /* JSAppDelegate.m */ = {isa = PBXFileReference; lastKnownFileType = sourcecode.c.objc; path = JSAppDelegate.m; sourceTree = "<group>"; };
		9673744319158A68005F4291 /* Base */ = {isa = PBXFileReference; lastKnownFileType = file.storyboard; name = Base; path = Base.lproj/Main.storyboard; sourceTree = "<group>"; };
		9673744519158A68005F4291 /* JSViewController.h */ = {isa = PBXFileReference; lastKnownFileType = sourcecode.c.h; path = JSViewController.h; sourceTree = "<group>"; };
		9673744619158A68005F4291 /* JSViewController.m */ = {isa = PBXFileReference; lastKnownFileType = sourcecode.c.objc; path = JSViewController.m; sourceTree = "<group>"; };
		9673744819158A68005F4291 /* Images.xcassets */ = {isa = PBXFileReference; lastKnownFileType = folder.assetcatalog; path = Images.xcassets; sourceTree = "<group>"; };
		9673744E19158A68005F4291 /* LiteralsTests.xctest */ = {isa = PBXFileReference; explicitFileType = wrapper.cfbundle; includeInIndex = 0; path = LiteralsTests.xctest; sourceTree = BUILT_PRODUCTS_DIR; };
		9673744F19158A68005F4291 /* XCTest.framework */ = {isa = PBXFileReference; lastKnownFileType = wrapper.framework; name = XCTest.framework; path = Library/Frameworks/XCTest.framework; sourceTree = DEVELOPER_DIR; };
		9673745719158A68005F4291 /* LiteralsTests-Info.plist */ = {isa = PBXFileReference; lastKnownFileType = text.plist.xml; path = "LiteralsTests-Info.plist"; sourceTree = "<group>"; };
		9673745919158A68005F4291 /* en */ = {isa = PBXFileReference; lastKnownFileType = text.plist.strings; name = en; path = en.lproj/InfoPlist.strings; sourceTree = "<group>"; };
		9673745B19158A68005F4291 /* LiteralsTests.m */ = {isa = PBXFileReference; lastKnownFileType = sourcecode.c.objc; path = LiteralsTests.m; sourceTree = "<group>"; };
/* End PBXFileReference section */

/* Begin PBXFrameworksBuildPhase section */
		9673742A19158A68005F4291 /* Frameworks */ = {
			isa = PBXFrameworksBuildPhase;
			buildActionMask = 2147483647;
			files = (
				9673743319158A68005F4291 /* CoreGraphics.framework in Frameworks */,
				9673743519158A68005F4291 /* UIKit.framework in Frameworks */,
				9673743119158A68005F4291 /* Foundation.framework in Frameworks */,
			);
			runOnlyForDeploymentPostprocessing = 0;
		};
		9673744B19158A68005F4291 /* Frameworks */ = {
			isa = PBXFrameworksBuildPhase;
			buildActionMask = 2147483647;
			files = (
				9673745019158A68005F4291 /* XCTest.framework in Frameworks */,
				9673745219158A68005F4291 /* UIKit.framework in Frameworks */,
				9673745119158A68005F4291 /* Foundation.framework in Frameworks */,
			);
			runOnlyForDeploymentPostprocessing = 0;
		};
/* End PBXFrameworksBuildPhase section */

/* Begin PBXGroup section */
		9673742419158A68005F4291 = {
			isa = PBXGroup;
			children = (
				9673743619158A68005F4291 /* Literals */,
				9673745519158A68005F4291 /* LiteralsTests */,
				9673742F19158A68005F4291 /* Frameworks */,
				9673742E19158A68005F4291 /* Products */,
			);
			sourceTree = "<group>";
		};
		9673742E19158A68005F4291 /* Products */ = {
			isa = PBXGroup;
			children = (
				9673742D19158A68005F4291 /* Literals.app */,
				9673744E19158A68005F4291 /* LiteralsTests.xctest */,
			);
			name = Products;
			sourceTree = "<group>";
		};
		9673742F19158A68005F4291 /* Frameworks */ = {
			isa = PBXGroup;
			children = (
				9673743019158A68005F4291 /* Foundation.framework */,
				9673743219158A68005F4291 /* CoreGraphics.framework */,
				9673743419158A68005F4291 /* UIKit.framework */,
				9673744F19158A68005F4291 /* XCTest.framework */,
			);
			name = Frameworks;
			sourceTree = "<group>";
		};
		9673743619158A68005F4291 /* Literals */ = {
			isa = PBXGroup;
			children = (
				9673743F19158A68005F4291 /* JSAppDelegate.h */,
				9673744019158A68005F4291 /* JSAppDelegate.m */,
				9673744219158A68005F4291 /* Main.storyboard */,
				9673744519158A68005F4291 /* JSViewController.h */,
				9673744619158A68005F4291 /* JSViewController.m */,
				9673744819158A68005F4291 /* Images.xcassets */,
				9673743719158A68005F4291 /* Supporting Files */,
			);
			path = Literals;
			sourceTree = "<group>";
		};
		9673743719158A68005F4291 /* Supporting Files */ = {
			isa = PBXGroup;
			children = (
				9673743819158A68005F4291 /* Literals-Info.plist */,
				9673743919158A68005F4291 /* InfoPlist.strings */,
				9673743C19158A68005F4291 /* main.m */,
				9673743E19158A68005F4291 /* Literals-Prefix.pch */,
			);
			name = "Supporting Files";
			sourceTree = "<group>";
		};
		9673745519158A68005F4291 /* LiteralsTests */ = {
			isa = PBXGroup;
			children = (
				9673745B19158A68005F4291 /* LiteralsTests.m */,
				9673745619158A68005F4291 /* Supporting Files */,
			);
			path = LiteralsTests;
			sourceTree = "<group>";
		};
		9673745619158A68005F4291 /* Supporting Files */ = {
			isa = PBXGroup;
			children = (
				9673745719158A68005F4291 /* LiteralsTests-Info.plist */,
				9673745819158A68005F4291 /* InfoPlist.strings */,
			);
			name = "Supporting Files";
			sourceTree = "<group>";
		};
/* End PBXGroup section */

/* Begin PBXNativeTarget section */
		9673742C19158A68005F4291 /* Literals */ = {
			isa = PBXNativeTarget;
			buildConfigurationList = 9673745F19158A68005F4291 /* Build configuration list for PBXNativeTarget "Literals" */;
			buildPhases = (
				9673742919158A68005F4291 /* Sources */,
				9673742A19158A68005F4291 /* Frameworks */,
				9673742B19158A68005F4291 /* Resources */,
			);
			buildRules = (
			);
			dependencies = (
			);
			name = Literals;
			productName = Literals;
			productReference = 9673742D19158A68005F4291 /* Literals.app */;
			productType = "com.apple.product-type.application";
		};
		9673744D19158A68005F4291 /* LiteralsTests */ = {
			isa = PBXNativeTarget;
			buildConfigurationList = 9673746219158A68005F4291 /* Build configuration list for PBXNativeTarget "LiteralsTests" */;
			buildPhases = (
				9673744A19158A68005F4291 /* Sources */,
				9673744B19158A68005F4291 /* Frameworks */,
				9673744C19158A68005F4291 /* Resources */,
			);
			buildRules = (
			);
			dependencies = (
				9673745419158A68005F4291 /* PBXTargetDependency */,
			);
			name = LiteralsTests;
			productName = LiteralsTests;
			productReference = 9673744E19158A68005F4291 /* LiteralsTests.xctest */;
			productType = "com.apple.product-type.bundle.unit-test";
		};
/* End PBXNativeTarget section */

/* Begin PBXProject section */
		9673742519158A68005F4291 /* Project object */ = {
			isa = PBXProject;
			attributes = {
				CLASSPREFIX = JS;
				LastUpgradeCheck = 0510;
				ORGANIZATIONNAME = jasonstyle;
				TargetAttributes = {
					9673744D19158A68005F4291 = {
						TestTargetID = 9673742C19158A68005F4291;
					};
				};
			};
			buildConfigurationList = 9673742819158A68005F4291 /* Build configuration list for PBXProject "Literals" */;
			compatibilityVersion = "Xcode 3.2";
			developmentRegion = English;
			hasScannedForEncodings = 0;
			knownRegions = (
				en,
				Base,
			);
			mainGroup = 9673742419158A68005F4291;
			productRefGroup = 9673742E19158A68005F4291 /* Products */;
			projectDirPath = "";
			projectRoot = "";
			targets = (
				9673742C19158A68005F4291 /* Literals */,
				9673744D19158A68005F4291 /* LiteralsTests */,
			);
		};
/* End PBXProject section */

/* Begin PBXResourcesBuildPhase section */
		9673742B19158A68005F4291 /* Resources */ = {
			isa = PBXResourcesBuildPhase;
			buildActionMask = 2147483647;
			files = (
				9673744919158A68005F4291 /* Images.xcassets in Resources */,
				9673743B19158A68005F4291 /* InfoPlist.strings in Resources */,
				9673744419158A68005F4291 /* Main.storyboard in Resources */,
			);
			runOnlyForDeploymentPostprocessing = 0;
		};
		9673744C19158A68005F4291 /* Resources */ = {
			isa = PBXResourcesBuildPhase;
			buildActionMask = 2147483647;
			files = (
				9673745A19158A68005F4291 /* InfoPlist.strings in Resources */,
			);
			runOnlyForDeploymentPostprocessing = 0;
		};
/* End PBXResourcesBuildPhase section */

/* Begin PBXSourcesBuildPhase section */
		9673742919158A68005F4291 /* Sources */ = {
			isa = PBXSourcesBuildPhase;
			buildActionMask = 2147483647;
			files = (
				9673743D19158A68005F4291 /* main.m in Sources */,
				9673744719158A68005F4291 /* JSViewController.m in Sources */,
				9673744119158A68005F4291 /* JSAppDelegate.m in Sources */,
			);
			runOnlyForDeploymentPostprocessing = 0;
		};
		9673744A19158A68005F4291 /* Sources */ = {
			isa = PBXSourcesBuildPhase;
			buildActionMask = 2147483647;
			files = (
				9673745C19158A68005F4291 /* LiteralsTests.m in Sources */,
			);
			runOnlyForDeploymentPostprocessing = 0;
		};
/* End PBXSourcesBuildPhase section */

/* Begin PBXTargetDependency section */
		9673745419158A68005F4291 /* PBXTargetDependency */ = {
			isa = PBXTargetDependency;
			target = 9673742C19158A68005F4291 /* Literals */;
			targetProxy = 9673745319158A68005F4291 /* PBXContainerItemProxy */;
		};
/* End PBXTargetDependency section */

/* Begin PBXVariantGroup section */
		9673743919158A68005F4291 /* InfoPlist.strings */ = {
			isa = PBXVariantGroup;
			children = (
				9673743A19158A68005F4291 /* en */,
			);
			name = InfoPlist.strings;
			sourceTree = "<group>";
		};
		9673744219158A68005F4291 /* Main.storyboard */ = {
			isa = PBXVariantGroup;
			children = (
				9673744319158A68005F4291 /* Base */,
			);
			name = Main.storyboard;
			sourceTree = "<group>";
		};
		9673745819158A68005F4291 /* InfoPlist.strings */ = {
			isa = PBXVariantGroup;
			children = (
				9673745919158A68005F4291 /* en */,
			);
			name = InfoPlist.strings;
			sourceTree = "<group>";
		};
/* End PBXVariantGroup section */

/* Begin XCBuildConfiguration section */
		9673745D19158A68005F4291 /* Debug */ = {
			isa = XCBuildConfiguration;
			buildSettings = {
				ALWAYS_SEARCH_USER_PATHS = NO;
				CLANG_CXX_LANGUAGE_STANDARD = "gnu++0x";
				CLANG_CXX_LIBRARY = "libc++";
				CLANG_ENABLE_MODULES = YES;
				CLANG_ENABLE_OBJC_ARC = YES;
				CLANG_WARN_BOOL_CONVERSION = YES;
				CLANG_WARN_CONSTANT_CONVERSION = YES;
				CLANG_WARN_DIRECT_OBJC_ISA_USAGE = YES_ERROR;
				CLANG_WARN_EMPTY_BODY = YES;
				CLANG_WARN_ENUM_CONVERSION = YES;
				CLANG_WARN_INT_CONVERSION = YES;
				CLANG_WARN_OBJC_ROOT_CLASS = YES_ERROR;
				CLANG_WARN__DUPLICATE_METHOD_MATCH = YES;
				"CODE_SIGN_IDENTITY[sdk=iphoneos*]" = "iPhone Developer";
				COPY_PHASE_STRIP = NO;
				GCC_C_LANGUAGE_STANDARD = gnu99;
				GCC_DYNAMIC_NO_PIC = NO;
				GCC_OPTIMIZATION_LEVEL = 0;
				GCC_PREPROCESSOR_DEFINITIONS = (
					"DEBUG=1",
					"$(inherited)",
				);
				GCC_SYMBOLS_PRIVATE_EXTERN = NO;
				GCC_WARN_64_TO_32_BIT_CONVERSION = YES;
				GCC_WARN_ABOUT_RETURN_TYPE = YES_ERROR;
				GCC_WARN_UNDECLARED_SELECTOR = YES;
				GCC_WARN_UNINITIALIZED_AUTOS = YES_AGGRESSIVE;
				GCC_WARN_UNUSED_FUNCTION = YES;
				GCC_WARN_UNUSED_VARIABLE = YES;
				IPHONEOS_DEPLOYMENT_TARGET = 7.1;
				ONLY_ACTIVE_ARCH = YES;
				SDKROOT = iphoneos;
			};
			name = Debug;
		};
		9673745E19158A68005F4291 /* Release */ = {
			isa = XCBuildConfiguration;
			buildSettings = {
				ALWAYS_SEARCH_USER_PATHS = NO;
				CLANG_CXX_LANGUAGE_STANDARD = "gnu++0x";
				CLANG_CXX_LIBRARY = "libc++";
				CLANG_ENABLE_MODULES = YES;
				CLANG_ENABLE_OBJC_ARC = YES;
				CLANG_WARN_BOOL_CONVERSION = YES;
				CLANG_WARN_CONSTANT_CONVERSION = YES;
				CLANG_WARN_DIRECT_OBJC_ISA_USAGE = YES_ERROR;
				CLANG_WARN_EMPTY_BODY = YES;
				CLANG_WARN_ENUM_CONVERSION = YES;
				CLANG_WARN_INT_CONVERSION = YES;
				CLANG_WARN_OBJC_ROOT_CLASS = YES_ERROR;
				CLANG_WARN__DUPLICATE_METHOD_MATCH = YES;
				"CODE_SIGN_IDENTITY[sdk=iphoneos*]" = "iPhone Developer";
				COPY_PHASE_STRIP = YES;
				ENABLE_NS_ASSERTIONS = NO;
				GCC_C_LANGUAGE_STANDARD = gnu99;
				GCC_WARN_64_TO_32_BIT_CONVERSION = YES;
				GCC_WARN_ABOUT_RETURN_TYPE = YES_ERROR;
				GCC_WARN_UNDECLARED_SELECTOR = YES;
				GCC_WARN_UNINITIALIZED_AUTOS = YES_AGGRESSIVE;
				GCC_WARN_UNUSED_FUNCTION = YES;
				GCC_WARN_UNUSED_VARIABLE = YES;
				IPHONEOS_DEPLOYMENT_TARGET = 7.1;
				SDKROOT = iphoneos;
				VALIDATE_PRODUCT = YES;
			};
			name = Release;
		};
		9673746019158A68005F4291 /* Debug */ = {
			isa = XCBuildConfiguration;
			buildSettings = {
				ASSETCATALOG_COMPILER_APPICON_NAME = AppIcon;
				ASSETCATALOG_COMPILER_LAUNCHIMAGE_NAME = LaunchImage;
				GCC_PRECOMPILE_PREFIX_HEADER = YES;
				GCC_PREFIX_HEADER = "Literals/Literals-Prefix.pch";
				INFOPLIST_FILE = "Literals/Literals-Info.plist";
				PRODUCT_NAME = "$(TARGET_NAME)";
				WRAPPER_EXTENSION = app;
			};
			name = Debug;
		};
		9673746119158A68005F4291 /* Release */ = {
			isa = XCBuildConfiguration;
			buildSettings = {
				ASSETCATALOG_COMPILER_APPICON_NAME = AppIcon;
				ASSETCATALOG_COMPILER_LAUNCHIMAGE_NAME = LaunchImage;
				GCC_PRECOMPILE_PREFIX_HEADER = YES;
				GCC_PREFIX_HEADER = "Literals/Literals-Prefix.pch";
				INFOPLIST_FILE = "Literals/Literals-Info.plist";
				PRODUCT_NAME = "$(TARGET_NAME)";
				WRAPPER_EXTENSION = app;
			};
			name = Release;
		};
		9673746319158A68005F4291 /* Debug */ = {
			isa = XCBuildConfiguration;
			buildSettings = {
				BUNDLE_LOADER = "$(BUILT_PRODUCTS_DIR)/Literals.app/Literals";
				FRAMEWORK_SEARCH_PATHS = (
					"$(SDKROOT)/Developer/Library/Frameworks",
					"$(inherited)",
					"$(DEVELOPER_FRAMEWORKS_DIR)",
				);
				GCC_PRECOMPILE_PREFIX_HEADER = YES;
				GCC_PREFIX_HEADER = "Literals/Literals-Prefix.pch";
				GCC_PREPROCESSOR_DEFINITIONS = (
					"DEBUG=1",
					"$(inherited)",
				);
				INFOPLIST_FILE = "LiteralsTests/LiteralsTests-Info.plist";
				PRODUCT_NAME = "$(TARGET_NAME)";
				TEST_HOST = "$(BUNDLE_LOADER)";
				WRAPPER_EXTENSION = xctest;
			};
			name = Debug;
		};
		9673746419158A68005F4291 /* Release */ = {
			isa = XCBuildConfiguration;
			buildSettings = {
				BUNDLE_LOADER = "$(BUILT_PRODUCTS_DIR)/Literals.app/Literals";
				FRAMEWORK_SEARCH_PATHS = (
					"$(SDKROOT)/Developer/Library/Frameworks",
					"$(inherited)",
					"$(DEVELOPER_FRAMEWORKS_DIR)",
				);
				GCC_PRECOMPILE_PREFIX_HEADER = YES;
				GCC_PREFIX_HEADER = "Literals/Literals-Prefix.pch";
				INFOPLIST_FILE = "LiteralsTests/LiteralsTests-Info.plist";
				PRODUCT_NAME = "$(TARGET_NAME)";
				TEST_HOST = "$(BUNDLE_LOADER)";
				WRAPPER_EXTENSION = xctest;
			};
			name = Release;
		};
/* End XCBuildConfiguration section */

/* Begin XCConfigurationList section */
		9673742819158A68005F4291 /* Build configuration list for PBXProject "Literals" */ = {
			isa = XCConfigurationList;
			buildConfigurations = (
				9673745D19158A68005F4291 /* Debug */,
				9673745E19158A68005F4291 /* Release */,
			);
			defaultConfigurationIsVisible = 0;
			defaultConfigurationName = Release;
		};
		9673745F19158A68005F4291 /* Build configuration list for PBXNativeTarget "Literals" */ = {
			isa = XCConfigurationList;
			buildConfigurations = (
				9673746019158A68005F4291 /* Debug */,
				9673746119158A68005F4291 /* Release */,
			);
			defaultConfigurationIsVisible = 0;
		};
		9673746219158A68005F4291 /* Build configuration list for PBXNativeTarget "LiteralsTests" */ = {
			isa = XCConfigurationList;
			buildConfigurations = (
				9673746319158A68005F4291 /* Debug */,
				9673746419158A68005F4291 /* Release */,
			);
			defaultConfigurationIsVisible = 0;
		};
/* End XCConfigurationList section */
	};
	rootObject = 9673742519158A68005F4291 /* Project object */;
}
