// !$*UTF8*$!
{
	archiveVersion = 1;
	classes = {
	};
	objectVersion = 46;
	objects = {

/* Begin PBXBuildFile section */
		96130B721913B56200709B2B /* Foundation.framework in Frameworks */ = {isa = PBXBuildFile; fileRef = 96130B711913B56200709B2B /* Foundation.framework */; };
		96130B741913B56200709B2B /* CoreGraphics.framework in Frameworks */ = {isa = PBXBuildFile; fileRef = 96130B731913B56200709B2B /* CoreGraphics.framework */; };
		96130B761913B56200709B2B /* UIKit.framework in Frameworks */ = {isa = PBXBuildFile; fileRef = 96130B751913B56200709B2B /* UIKit.framework */; };
		96130B7C1913B56200709B2B /* InfoPlist.strings in Resources */ = {isa = PBXBuildFile; fileRef = 96130B7A1913B56200709B2B /* InfoPlist.strings */; };
		96130B7E1913B56200709B2B /* main.m in Sources */ = {isa = PBXBuildFile; fileRef = 96130B7D1913B56200709B2B /* main.m */; };
		96130B821913B56200709B2B /* JSAppDelegate.m in Sources */ = {isa = PBXBuildFile; fileRef = 96130B811913B56200709B2B /* JSAppDelegate.m */; };
		96130B851913B56200709B2B /* Main.storyboard in Resources */ = {isa = PBXBuildFile; fileRef = 96130B831913B56200709B2B /* Main.storyboard */; };
		96130B881913B56200709B2B /* JSViewController.m in Sources */ = {isa = PBXBuildFile; fileRef = 96130B871913B56200709B2B /* JSViewController.m */; };
		96130B8A1913B56200709B2B /* Images.xcassets in Resources */ = {isa = PBXBuildFile; fileRef = 96130B891913B56200709B2B /* Images.xcassets */; };
		96130B911913B56200709B2B /* XCTest.framework in Frameworks */ = {isa = PBXBuildFile; fileRef = 96130B901913B56200709B2B /* XCTest.framework */; };
		96130B921913B56200709B2B /* Foundation.framework in Frameworks */ = {isa = PBXBuildFile; fileRef = 96130B711913B56200709B2B /* Foundation.framework */; };
		96130B931913B56200709B2B /* UIKit.framework in Frameworks */ = {isa = PBXBuildFile; fileRef = 96130B751913B56200709B2B /* UIKit.framework */; };
		96130B9B1913B56200709B2B /* InfoPlist.strings in Resources */ = {isa = PBXBuildFile; fileRef = 96130B991913B56200709B2B /* InfoPlist.strings */; };
		96130B9D1913B56200709B2B /* NSStringsTests.m in Sources */ = {isa = PBXBuildFile; fileRef = 96130B9C1913B56200709B2B /* NSStringsTests.m */; };
/* End PBXBuildFile section */

/* Begin PBXContainerItemProxy section */
		96130B941913B56200709B2B /* PBXContainerItemProxy */ = {
			isa = PBXContainerItemProxy;
			containerPortal = 96130B661913B56200709B2B /* Project object */;
			proxyType = 1;
			remoteGlobalIDString = 96130B6D1913B56200709B2B;
			remoteInfo = NSStrings;
		};
/* End PBXContainerItemProxy section */

/* Begin PBXFileReference section */
		96130B6E1913B56200709B2B /* NSStrings.app */ = {isa = PBXFileReference; explicitFileType = wrapper.application; includeInIndex = 0; path = NSStrings.app; sourceTree = BUILT_PRODUCTS_DIR; };
		96130B711913B56200709B2B /* Foundation.framework */ = {isa = PBXFileReference; lastKnownFileType = wrapper.framework; name = Foundation.framework; path = System/Library/Frameworks/Foundation.framework; sourceTree = SDKROOT; };
		96130B731913B56200709B2B /* CoreGraphics.framework */ = {isa = PBXFileReference; lastKnownFileType = wrapper.framework; name = CoreGraphics.framework; path = System/Library/Frameworks/CoreGraphics.framework; sourceTree = SDKROOT; };
		96130B751913B56200709B2B /* UIKit.framework */ = {isa = PBXFileReference; lastKnownFileType = wrapper.framework; name = UIKit.framework; path = System/Library/Frameworks/UIKit.framework; sourceTree = SDKROOT; };
		96130B791913B56200709B2B /* NSStrings-Info.plist */ = {isa = PBXFileReference; lastKnownFileType = text.plist.xml; path = "NSStrings-Info.plist"; sourceTree = "<group>"; };
		96130B7B1913B56200709B2B /* en */ = {isa = PBXFileReference; lastKnownFileType = text.plist.strings; name = en; path = en.lproj/InfoPlist.strings; sourceTree = "<group>"; };
		96130B7D1913B56200709B2B /* main.m */ = {isa = PBXFileReference; lastKnownFileType = sourcecode.c.objc; path = main.m; sourceTree = "<group>"; };
		96130B7F1913B56200709B2B /* NSStrings-Prefix.pch */ = {isa = PBXFileReference; lastKnownFileType = sourcecode.c.h; path = "NSStrings-Prefix.pch"; sourceTree = "<group>"; };
		96130B801913B56200709B2B /* JSAppDelegate.h */ = {isa = PBXFileReference; lastKnownFileType = sourcecode.c.h; path = JSAppDelegate.h; sourceTree = "<group>"; };
		96130B811913B56200709B2B /* JSAppDelegate.m */ = {isa = PBXFileReference; lastKnownFileType = sourcecode.c.objc; path = JSAppDelegate.m; sourceTree = "<group>"; };
		96130B841913B56200709B2B /* Base */ = {isa = PBXFileReference; lastKnownFileType = file.storyboard; name = Base; path = Base.lproj/Main.storyboard; sourceTree = "<group>"; };
		96130B861913B56200709B2B /* JSViewController.h */ = {isa = PBXFileReference; lastKnownFileType = sourcecode.c.h; path = JSViewController.h; sourceTree = "<group>"; };
		96130B871913B56200709B2B /* JSViewController.m */ = {isa = PBXFileReference; lastKnownFileType = sourcecode.c.objc; path = JSViewController.m; sourceTree = "<group>"; };
		96130B891913B56200709B2B /* Images.xcassets */ = {isa = PBXFileReference; lastKnownFileType = folder.assetcatalog; path = Images.xcassets; sourceTree = "<group>"; };
		96130B8F1913B56200709B2B /* NSStringsTests.xctest */ = {isa = PBXFileReference; explicitFileType = wrapper.cfbundle; includeInIndex = 0; path = NSStringsTests.xctest; sourceTree = BUILT_PRODUCTS_DIR; };
		96130B901913B56200709B2B /* XCTest.framework */ = {isa = PBXFileReference; lastKnownFileType = wrapper.framework; name = XCTest.framework; path = Library/Frameworks/XCTest.framework; sourceTree = DEVELOPER_DIR; };
		96130B981913B56200709B2B /* NSStringsTests-Info.plist */ = {isa = PBXFileReference; lastKnownFileType = text.plist.xml; path = "NSStringsTests-Info.plist"; sourceTree = "<group>"; };
		96130B9A1913B56200709B2B /* en */ = {isa = PBXFileReference; lastKnownFileType = text.plist.strings; name = en; path = en.lproj/InfoPlist.strings; sourceTree = "<group>"; };
		96130B9C1913B56200709B2B /* NSStringsTests.m */ = {isa = PBXFileReference; lastKnownFileType = sourcecode.c.objc; path = NSStringsTests.m; sourceTree = "<group>"; };
/* End PBXFileReference section */

/* Begin PBXFrameworksBuildPhase section */
		96130B6B1913B56200709B2B /* Frameworks */ = {
			isa = PBXFrameworksBuildPhase;
			buildActionMask = 2147483647;
			files = (
				96130B741913B56200709B2B /* CoreGraphics.framework in Frameworks */,
				96130B761913B56200709B2B /* UIKit.framework in Frameworks */,
				96130B721913B56200709B2B /* Foundation.framework in Frameworks */,
			);
			runOnlyForDeploymentPostprocessing = 0;
		};
		96130B8C1913B56200709B2B /* Frameworks */ = {
			isa = PBXFrameworksBuildPhase;
			buildActionMask = 2147483647;
			files = (
				96130B911913B56200709B2B /* XCTest.framework in Frameworks */,
				96130B931913B56200709B2B /* UIKit.framework in Frameworks */,
				96130B921913B56200709B2B /* Foundation.framework in Frameworks */,
			);
			runOnlyForDeploymentPostprocessing = 0;
		};
/* End PBXFrameworksBuildPhase section */

/* Begin PBXGroup section */
		96130B651913B56200709B2B = {
			isa = PBXGroup;
			children = (
				96130B771913B56200709B2B /* NSStrings */,
				96130B961913B56200709B2B /* NSStringsTests */,
				96130B701913B56200709B2B /* Frameworks */,
				96130B6F1913B56200709B2B /* Products */,
			);
			sourceTree = "<group>";
		};
		96130B6F1913B56200709B2B /* Products */ = {
			isa = PBXGroup;
			children = (
				96130B6E1913B56200709B2B /* NSStrings.app */,
				96130B8F1913B56200709B2B /* NSStringsTests.xctest */,
			);
			name = Products;
			sourceTree = "<group>";
		};
		96130B701913B56200709B2B /* Frameworks */ = {
			isa = PBXGroup;
			children = (
				96130B711913B56200709B2B /* Foundation.framework */,
				96130B731913B56200709B2B /* CoreGraphics.framework */,
				96130B751913B56200709B2B /* UIKit.framework */,
				96130B901913B56200709B2B /* XCTest.framework */,
			);
			name = Frameworks;
			sourceTree = "<group>";
		};
		96130B771913B56200709B2B /* NSStrings */ = {
			isa = PBXGroup;
			children = (
				96130B801913B56200709B2B /* JSAppDelegate.h */,
				96130B811913B56200709B2B /* JSAppDelegate.m */,
				96130B831913B56200709B2B /* Main.storyboard */,
				96130B861913B56200709B2B /* JSViewController.h */,
				96130B871913B56200709B2B /* JSViewController.m */,
				96130B891913B56200709B2B /* Images.xcassets */,
				96130B781913B56200709B2B /* Supporting Files */,
			);
			path = NSStrings;
			sourceTree = "<group>";
		};
		96130B781913B56200709B2B /* Supporting Files */ = {
			isa = PBXGroup;
			children = (
				96130B791913B56200709B2B /* NSStrings-Info.plist */,
				96130B7A1913B56200709B2B /* InfoPlist.strings */,
				96130B7D1913B56200709B2B /* main.m */,
				96130B7F1913B56200709B2B /* NSStrings-Prefix.pch */,
			);
			name = "Supporting Files";
			sourceTree = "<group>";
		};
		96130B961913B56200709B2B /* NSStringsTests */ = {
			isa = PBXGroup;
			children = (
				96130B9C1913B56200709B2B /* NSStringsTests.m */,
				96130B971913B56200709B2B /* Supporting Files */,
			);
			path = NSStringsTests;
			sourceTree = "<group>";
		};
		96130B971913B56200709B2B /* Supporting Files */ = {
			isa = PBXGroup;
			children = (
				96130B981913B56200709B2B /* NSStringsTests-Info.plist */,
				96130B991913B56200709B2B /* InfoPlist.strings */,
			);
			name = "Supporting Files";
			sourceTree = "<group>";
		};
/* End PBXGroup section */

/* Begin PBXNativeTarget section */
		96130B6D1913B56200709B2B /* NSStrings */ = {
			isa = PBXNativeTarget;
			buildConfigurationList = 96130BA01913B56200709B2B /* Build configuration list for PBXNativeTarget "NSStrings" */;
			buildPhases = (
				96130B6A1913B56200709B2B /* Sources */,
				96130B6B1913B56200709B2B /* Frameworks */,
				96130B6C1913B56200709B2B /* Resources */,
			);
			buildRules = (
			);
			dependencies = (
			);
			name = NSStrings;
			productName = NSStrings;
			productReference = 96130B6E1913B56200709B2B /* NSStrings.app */;
			productType = "com.apple.product-type.application";
		};
		96130B8E1913B56200709B2B /* NSStringsTests */ = {
			isa = PBXNativeTarget;
			buildConfigurationList = 96130BA31913B56200709B2B /* Build configuration list for PBXNativeTarget "NSStringsTests" */;
			buildPhases = (
				96130B8B1913B56200709B2B /* Sources */,
				96130B8C1913B56200709B2B /* Frameworks */,
				96130B8D1913B56200709B2B /* Resources */,
			);
			buildRules = (
			);
			dependencies = (
				96130B951913B56200709B2B /* PBXTargetDependency */,
			);
			name = NSStringsTests;
			productName = NSStringsTests;
			productReference = 96130B8F1913B56200709B2B /* NSStringsTests.xctest */;
			productType = "com.apple.product-type.bundle.unit-test";
		};
/* End PBXNativeTarget section */

/* Begin PBXProject section */
		96130B661913B56200709B2B /* Project object */ = {
			isa = PBXProject;
			attributes = {
				CLASSPREFIX = JS;
				LastUpgradeCheck = 0510;
				ORGANIZATIONNAME = jasonstyle;
				TargetAttributes = {
					96130B8E1913B56200709B2B = {
						TestTargetID = 96130B6D1913B56200709B2B;
					};
				};
			};
			buildConfigurationList = 96130B691913B56200709B2B /* Build configuration list for PBXProject "NSStrings" */;
			compatibilityVersion = "Xcode 3.2";
			developmentRegion = English;
			hasScannedForEncodings = 0;
			knownRegions = (
				en,
				Base,
			);
			mainGroup = 96130B651913B56200709B2B;
			productRefGroup = 96130B6F1913B56200709B2B /* Products */;
			projectDirPath = "";
			projectRoot = "";
			targets = (
				96130B6D1913B56200709B2B /* NSStrings */,
				96130B8E1913B56200709B2B /* NSStringsTests */,
			);
		};
/* End PBXProject section */

/* Begin PBXResourcesBuildPhase section */
		96130B6C1913B56200709B2B /* Resources */ = {
			isa = PBXResourcesBuildPhase;
			buildActionMask = 2147483647;
			files = (
				96130B8A1913B56200709B2B /* Images.xcassets in Resources */,
				96130B7C1913B56200709B2B /* InfoPlist.strings in Resources */,
				96130B851913B56200709B2B /* Main.storyboard in Resources */,
			);
			runOnlyForDeploymentPostprocessing = 0;
		};
		96130B8D1913B56200709B2B /* Resources */ = {
			isa = PBXResourcesBuildPhase;
			buildActionMask = 2147483647;
			files = (
				96130B9B1913B56200709B2B /* InfoPlist.strings in Resources */,
			);
			runOnlyForDeploymentPostprocessing = 0;
		};
/* End PBXResourcesBuildPhase section */

/* Begin PBXSourcesBuildPhase section */
		96130B6A1913B56200709B2B /* Sources */ = {
			isa = PBXSourcesBuildPhase;
			buildActionMask = 2147483647;
			files = (
				96130B7E1913B56200709B2B /* main.m in Sources */,
				96130B881913B56200709B2B /* JSViewController.m in Sources */,
				96130B821913B56200709B2B /* JSAppDelegate.m in Sources */,
			);
			runOnlyForDeploymentPostprocessing = 0;
		};
		96130B8B1913B56200709B2B /* Sources */ = {
			isa = PBXSourcesBuildPhase;
			buildActionMask = 2147483647;
			files = (
				96130B9D1913B56200709B2B /* NSStringsTests.m in Sources */,
			);
			runOnlyForDeploymentPostprocessing = 0;
		};
/* End PBXSourcesBuildPhase section */

/* Begin PBXTargetDependency section */
		96130B951913B56200709B2B /* PBXTargetDependency */ = {
			isa = PBXTargetDependency;
			target = 96130B6D1913B56200709B2B /* NSStrings */;
			targetProxy = 96130B941913B56200709B2B /* PBXContainerItemProxy */;
		};
/* End PBXTargetDependency section */

/* Begin PBXVariantGroup section */
		96130B7A1913B56200709B2B /* InfoPlist.strings */ = {
			isa = PBXVariantGroup;
			children = (
				96130B7B1913B56200709B2B /* en */,
			);
			name = InfoPlist.strings;
			sourceTree = "<group>";
		};
		96130B831913B56200709B2B /* Main.storyboard */ = {
			isa = PBXVariantGroup;
			children = (
				96130B841913B56200709B2B /* Base */,
			);
			name = Main.storyboard;
			sourceTree = "<group>";
		};
		96130B991913B56200709B2B /* InfoPlist.strings */ = {
			isa = PBXVariantGroup;
			children = (
				96130B9A1913B56200709B2B /* en */,
			);
			name = InfoPlist.strings;
			sourceTree = "<group>";
		};
/* End PBXVariantGroup section */

/* Begin XCBuildConfiguration section */
		96130B9E1913B56200709B2B /* Debug */ = {
			isa = XCBuildConfiguration;
			buildSettings = {
				ALWAYS_SEARCH_USER_PATHS = NO;
				CLANG_CXX_LANGUAGE_STANDARD = "gnu++0x";
				CLANG_CXX_LIBRARY = "libc++";
				CLANG_ENABLE_MODULES = YES;
				CLANG_ENABLE_OBJC_ARC = YES;
				CLANG_WARN_BOOL_CONVERSION = YES;
				CLANG_WARN_CONSTANT_CONVERSION = YES;
				CLANG_WARN_DIRECT_OBJC_ISA_USAGE = YES_ERROR;
				CLANG_WARN_EMPTY_BODY = YES;
				CLANG_WARN_ENUM_CONVERSION = YES;
				CLANG_WARN_INT_CONVERSION = YES;
				CLANG_WARN_OBJC_ROOT_CLASS = YES_ERROR;
				CLANG_WARN__DUPLICATE_METHOD_MATCH = YES;
				"CODE_SIGN_IDENTITY[sdk=iphoneos*]" = "iPhone Developer";
				COPY_PHASE_STRIP = NO;
				GCC_C_LANGUAGE_STANDARD = gnu99;
				GCC_DYNAMIC_NO_PIC = NO;
				GCC_OPTIMIZATION_LEVEL = 0;
				GCC_PREPROCESSOR_DEFINITIONS = (
					"DEBUG=1",
					"$(inherited)",
				);
				GCC_SYMBOLS_PRIVATE_EXTERN = NO;
				GCC_WARN_64_TO_32_BIT_CONVERSION = YES;
				GCC_WARN_ABOUT_RETURN_TYPE = YES_ERROR;
				GCC_WARN_UNDECLARED_SELECTOR = YES;
				GCC_WARN_UNINITIALIZED_AUTOS = YES_AGGRESSIVE;
				GCC_WARN_UNUSED_FUNCTION = YES;
				GCC_WARN_UNUSED_VARIABLE = YES;
				IPHONEOS_DEPLOYMENT_TARGET = 7.1;
				ONLY_ACTIVE_ARCH = YES;
				SDKROOT = iphoneos;
			};
			name = Debug;
		};
		96130B9F1913B56200709B2B /* Release */ = {
			isa = XCBuildConfiguration;
			buildSettings = {
				ALWAYS_SEARCH_USER_PATHS = NO;
				CLANG_CXX_LANGUAGE_STANDARD = "gnu++0x";
				CLANG_CXX_LIBRARY = "libc++";
				CLANG_ENABLE_MODULES = YES;
				CLANG_ENABLE_OBJC_ARC = YES;
				CLANG_WARN_BOOL_CONVERSION = YES;
				CLANG_WARN_CONSTANT_CONVERSION = YES;
				CLANG_WARN_DIRECT_OBJC_ISA_USAGE = YES_ERROR;
				CLANG_WARN_EMPTY_BODY = YES;
				CLANG_WARN_ENUM_CONVERSION = YES;
				CLANG_WARN_INT_CONVERSION = YES;
				CLANG_WARN_OBJC_ROOT_CLASS = YES_ERROR;
				CLANG_WARN__DUPLICATE_METHOD_MATCH = YES;
				"CODE_SIGN_IDENTITY[sdk=iphoneos*]" = "iPhone Developer";
				COPY_PHASE_STRIP = YES;
				ENABLE_NS_ASSERTIONS = NO;
				GCC_C_LANGUAGE_STANDARD = gnu99;
				GCC_WARN_64_TO_32_BIT_CONVERSION = YES;
				GCC_WARN_ABOUT_RETURN_TYPE = YES_ERROR;
				GCC_WARN_UNDECLARED_SELECTOR = YES;
				GCC_WARN_UNINITIALIZED_AUTOS = YES_AGGRESSIVE;
				GCC_WARN_UNUSED_FUNCTION = YES;
				GCC_WARN_UNUSED_VARIABLE = YES;
				IPHONEOS_DEPLOYMENT_TARGET = 7.1;
				SDKROOT = iphoneos;
				VALIDATE_PRODUCT = YES;
			};
			name = Release;
		};
		96130BA11913B56200709B2B /* Debug */ = {
			isa = XCBuildConfiguration;
			buildSettings = {
				ASSETCATALOG_COMPILER_APPICON_NAME = AppIcon;
				ASSETCATALOG_COMPILER_LAUNCHIMAGE_NAME = LaunchImage;
				GCC_PRECOMPILE_PREFIX_HEADER = YES;
				GCC_PREFIX_HEADER = "NSStrings/NSStrings-Prefix.pch";
				INFOPLIST_FILE = "NSStrings/NSStrings-Info.plist";
				PRODUCT_NAME = "$(TARGET_NAME)";
				WRAPPER_EXTENSION = app;
			};
			name = Debug;
		};
		96130BA21913B56200709B2B /* Release */ = {
			isa = XCBuildConfiguration;
			buildSettings = {
				ASSETCATALOG_COMPILER_APPICON_NAME = AppIcon;
				ASSETCATALOG_COMPILER_LAUNCHIMAGE_NAME = LaunchImage;
				GCC_PRECOMPILE_PREFIX_HEADER = YES;
				GCC_PREFIX_HEADER = "NSStrings/NSStrings-Prefix.pch";
				INFOPLIST_FILE = "NSStrings/NSStrings-Info.plist";
				PRODUCT_NAME = "$(TARGET_NAME)";
				WRAPPER_EXTENSION = app;
			};
			name = Release;
		};
		96130BA41913B56200709B2B /* Debug */ = {
			isa = XCBuildConfiguration;
			buildSettings = {
				BUNDLE_LOADER = "$(BUILT_PRODUCTS_DIR)/NSStrings.app/NSStrings";
				FRAMEWORK_SEARCH_PATHS = (
					"$(SDKROOT)/Developer/Library/Frameworks",
					"$(inherited)",
					"$(DEVELOPER_FRAMEWORKS_DIR)",
				);
				GCC_PRECOMPILE_PREFIX_HEADER = YES;
				GCC_PREFIX_HEADER = "NSStrings/NSStrings-Prefix.pch";
				GCC_PREPROCESSOR_DEFINITIONS = (
					"DEBUG=1",
					"$(inherited)",
				);
				INFOPLIST_FILE = "NSStringsTests/NSStringsTests-Info.plist";
				PRODUCT_NAME = "$(TARGET_NAME)";
				TEST_HOST = "$(BUNDLE_LOADER)";
				WRAPPER_EXTENSION = xctest;
			};
			name = Debug;
		};
		96130BA51913B56200709B2B /* Release */ = {
			isa = XCBuildConfiguration;
			buildSettings = {
				BUNDLE_LOADER = "$(BUILT_PRODUCTS_DIR)/NSStrings.app/NSStrings";
				FRAMEWORK_SEARCH_PATHS = (
					"$(SDKROOT)/Developer/Library/Frameworks",
					"$(inherited)",
					"$(DEVELOPER_FRAMEWORKS_DIR)",
				);
				GCC_PRECOMPILE_PREFIX_HEADER = YES;
				GCC_PREFIX_HEADER = "NSStrings/NSStrings-Prefix.pch";
				INFOPLIST_FILE = "NSStringsTests/NSStringsTests-Info.plist";
				PRODUCT_NAME = "$(TARGET_NAME)";
				TEST_HOST = "$(BUNDLE_LOADER)";
				WRAPPER_EXTENSION = xctest;
			};
			name = Release;
		};
/* End XCBuildConfiguration section */

/* Begin XCConfigurationList section */
		96130B691913B56200709B2B /* Build configuration list for PBXProject "NSStrings" */ = {
			isa = XCConfigurationList;
			buildConfigurations = (
				96130B9E1913B56200709B2B /* Debug */,
				96130B9F1913B56200709B2B /* Release */,
			);
			defaultConfigurationIsVisible = 0;
			defaultConfigurationName = Release;
		};
		96130BA01913B56200709B2B /* Build configuration list for PBXNativeTarget "NSStrings" */ = {
			isa = XCConfigurationList;
			buildConfigurations = (
				96130BA11913B56200709B2B /* Debug */,
				96130BA21913B56200709B2B /* Release */,
			);
			defaultConfigurationIsVisible = 0;
		};
		96130BA31913B56200709B2B /* Build configuration list for PBXNativeTarget "NSStringsTests" */ = {
			isa = XCConfigurationList;
			buildConfigurations = (
				96130BA41913B56200709B2B /* Debug */,
				96130BA51913B56200709B2B /* Release */,
			);
			defaultConfigurationIsVisible = 0;
		};
/* End XCConfigurationList section */
	};
	rootObject = 96130B661913B56200709B2B /* Project object */;
}
