// !$*UTF8*$!
{
	archiveVersion = 1;
	classes = {
	};
	objectVersion = 46;
	objects = {

/* Begin PBXBuildFile section */
		967374BE1915BD97005F4291 /* Foundation.framework in Frameworks */ = {isa = PBXBuildFile; fileRef = 967374BD1915BD97005F4291 /* Foundation.framework */; };
		967374C01915BD97005F4291 /* CoreGraphics.framework in Frameworks */ = {isa = PBXBuildFile; fileRef = 967374BF1915BD97005F4291 /* CoreGraphics.framework */; };
		967374C21915BD97005F4291 /* UIKit.framework in Frameworks */ = {isa = PBXBuildFile; fileRef = 967374C11915BD97005F4291 /* UIKit.framework */; };
		967374C81915BD97005F4291 /* InfoPlist.strings in Resources */ = {isa = PBXBuildFile; fileRef = 967374C61915BD97005F4291 /* InfoPlist.strings */; };
		967374CA1915BD97005F4291 /* main.m in Sources */ = {isa = PBXBuildFile; fileRef = 967374C91915BD97005F4291 /* main.m */; };
		967374CE1915BD97005F4291 /* JSAppDelegate.m in Sources */ = {isa = PBXBuildFile; fileRef = 967374CD1915BD97005F4291 /* JSAppDelegate.m */; };
		967374D11915BD97005F4291 /* Main.storyboard in Resources */ = {isa = PBXBuildFile; fileRef = 967374CF1915BD97005F4291 /* Main.storyboard */; };
		967374D41915BD97005F4291 /* JSViewController.m in Sources */ = {isa = PBXBuildFile; fileRef = 967374D31915BD97005F4291 /* JSViewController.m */; };
		967374D61915BD97005F4291 /* Images.xcassets in Resources */ = {isa = PBXBuildFile; fileRef = 967374D51915BD97005F4291 /* Images.xcassets */; };
		967374DD1915BD97005F4291 /* XCTest.framework in Frameworks */ = {isa = PBXBuildFile; fileRef = 967374DC1915BD97005F4291 /* XCTest.framework */; };
		967374DE1915BD97005F4291 /* Foundation.framework in Frameworks */ = {isa = PBXBuildFile; fileRef = 967374BD1915BD97005F4291 /* Foundation.framework */; };
		967374DF1915BD97005F4291 /* UIKit.framework in Frameworks */ = {isa = PBXBuildFile; fileRef = 967374C11915BD97005F4291 /* UIKit.framework */; };
		967374E71915BD97005F4291 /* InfoPlist.strings in Resources */ = {isa = PBXBuildFile; fileRef = 967374E51915BD97005F4291 /* InfoPlist.strings */; };
		967374E91915BD97005F4291 /* StoryboardTests.m in Sources */ = {isa = PBXBuildFile; fileRef = 967374E81915BD97005F4291 /* StoryboardTests.m */; };
/* End PBXBuildFile section */

/* Begin PBXContainerItemProxy section */
		967374E01915BD97005F4291 /* PBXContainerItemProxy */ = {
			isa = PBXContainerItemProxy;
			containerPortal = 967374B21915BD97005F4291 /* Project object */;
			proxyType = 1;
			remoteGlobalIDString = 967374B91915BD97005F4291;
			remoteInfo = Storyboard;
		};
/* End PBXContainerItemProxy section */

/* Begin PBXFileReference section */
		967374BA1915BD97005F4291 /* Storyboard.app */ = {isa = PBXFileReference; explicitFileType = wrapper.application; includeInIndex = 0; path = Storyboard.app; sourceTree = BUILT_PRODUCTS_DIR; };
		967374BD1915BD97005F4291 /* Foundation.framework */ = {isa = PBXFileReference; lastKnownFileType = wrapper.framework; name = Foundation.framework; path = System/Library/Frameworks/Foundation.framework; sourceTree = SDKROOT; };
		967374BF1915BD97005F4291 /* CoreGraphics.framework */ = {isa = PBXFileReference; lastKnownFileType = wrapper.framework; name = CoreGraphics.framework; path = System/Library/Frameworks/CoreGraphics.framework; sourceTree = SDKROOT; };
		967374C11915BD97005F4291 /* UIKit.framework */ = {isa = PBXFileReference; lastKnownFileType = wrapper.framework; name = UIKit.framework; path = System/Library/Frameworks/UIKit.framework; sourceTree = SDKROOT; };
		967374C51915BD97005F4291 /* Storyboard-Info.plist */ = {isa = PBXFileReference; lastKnownFileType = text.plist.xml; path = "Storyboard-Info.plist"; sourceTree = "<group>"; };
		967374C71915BD97005F4291 /* en */ = {isa = PBXFileReference; lastKnownFileType = text.plist.strings; name = en; path = en.lproj/InfoPlist.strings; sourceTree = "<group>"; };
		967374C91915BD97005F4291 /* main.m */ = {isa = PBXFileReference; lastKnownFileType = sourcecode.c.objc; path = main.m; sourceTree = "<group>"; };
		967374CB1915BD97005F4291 /* Storyboard-Prefix.pch */ = {isa = PBXFileReference; lastKnownFileType = sourcecode.c.h; path = "Storyboard-Prefix.pch"; sourceTree = "<group>"; };
		967374CC1915BD97005F4291 /* JSAppDelegate.h */ = {isa = PBXFileReference; lastKnownFileType = sourcecode.c.h; path = JSAppDelegate.h; sourceTree = "<group>"; };
		967374CD1915BD97005F4291 /* JSAppDelegate.m */ = {isa = PBXFileReference; lastKnownFileType = sourcecode.c.objc; path = JSAppDelegate.m; sourceTree = "<group>"; };
		967374D01915BD97005F4291 /* Base */ = {isa = PBXFileReference; lastKnownFileType = file.storyboard; name = Base; path = Base.lproj/Main.storyboard; sourceTree = "<group>"; };
		967374D21915BD97005F4291 /* JSViewController.h */ = {isa = PBXFileReference; lastKnownFileType = sourcecode.c.h; path = JSViewController.h; sourceTree = "<group>"; };
		967374D31915BD97005F4291 /* JSViewController.m */ = {isa = PBXFileReference; lastKnownFileType = sourcecode.c.objc; path = JSViewController.m; sourceTree = "<group>"; };
		967374D51915BD97005F4291 /* Images.xcassets */ = {isa = PBXFileReference; lastKnownFileType = folder.assetcatalog; path = Images.xcassets; sourceTree = "<group>"; };
		967374DB1915BD97005F4291 /* StoryboardTests.xctest */ = {isa = PBXFileReference; explicitFileType = wrapper.cfbundle; includeInIndex = 0; path = StoryboardTests.xctest; sourceTree = BUILT_PRODUCTS_DIR; };
		967374DC1915BD97005F4291 /* XCTest.framework */ = {isa = PBXFileReference; lastKnownFileType = wrapper.framework; name = XCTest.framework; path = Library/Frameworks/XCTest.framework; sourceTree = DEVELOPER_DIR; };
		967374E41915BD97005F4291 /* StoryboardTests-Info.plist */ = {isa = PBXFileReference; lastKnownFileType = text.plist.xml; path = "StoryboardTests-Info.plist"; sourceTree = "<group>"; };
		967374E61915BD97005F4291 /* en */ = {isa = PBXFileReference; lastKnownFileType = text.plist.strings; name = en; path = en.lproj/InfoPlist.strings; sourceTree = "<group>"; };
		967374E81915BD97005F4291 /* StoryboardTests.m */ = {isa = PBXFileReference; lastKnownFileType = sourcecode.c.objc; path = StoryboardTests.m; sourceTree = "<group>"; };
/* End PBXFileReference section */

/* Begin PBXFrameworksBuildPhase section */
		967374B71915BD97005F4291 /* Frameworks */ = {
			isa = PBXFrameworksBuildPhase;
			buildActionMask = 2147483647;
			files = (
				967374C01915BD97005F4291 /* CoreGraphics.framework in Frameworks */,
				967374C21915BD97005F4291 /* UIKit.framework in Frameworks */,
				967374BE1915BD97005F4291 /* Foundation.framework in Frameworks */,
			);
			runOnlyForDeploymentPostprocessing = 0;
		};
		967374D81915BD97005F4291 /* Frameworks */ = {
			isa = PBXFrameworksBuildPhase;
			buildActionMask = 2147483647;
			files = (
				967374DD1915BD97005F4291 /* XCTest.framework in Frameworks */,
				967374DF1915BD97005F4291 /* UIKit.framework in Frameworks */,
				967374DE1915BD97005F4291 /* Foundation.framework in Frameworks */,
			);
			runOnlyForDeploymentPostprocessing = 0;
		};
/* End PBXFrameworksBuildPhase section */

/* Begin PBXGroup section */
		967374B11915BD97005F4291 = {
			isa = PBXGroup;
			children = (
				967374C31915BD97005F4291 /* Storyboard */,
				967374E21915BD97005F4291 /* StoryboardTests */,
				967374BC1915BD97005F4291 /* Frameworks */,
				967374BB1915BD97005F4291 /* Products */,
			);
			sourceTree = "<group>";
		};
		967374BB1915BD97005F4291 /* Products */ = {
			isa = PBXGroup;
			children = (
				967374BA1915BD97005F4291 /* Storyboard.app */,
				967374DB1915BD97005F4291 /* StoryboardTests.xctest */,
			);
			name = Products;
			sourceTree = "<group>";
		};
		967374BC1915BD97005F4291 /* Frameworks */ = {
			isa = PBXGroup;
			children = (
				967374BD1915BD97005F4291 /* Foundation.framework */,
				967374BF1915BD97005F4291 /* CoreGraphics.framework */,
				967374C11915BD97005F4291 /* UIKit.framework */,
				967374DC1915BD97005F4291 /* XCTest.framework */,
			);
			name = Frameworks;
			sourceTree = "<group>";
		};
		967374C31915BD97005F4291 /* Storyboard */ = {
			isa = PBXGroup;
			children = (
				967374CC1915BD97005F4291 /* JSAppDelegate.h */,
				967374CD1915BD97005F4291 /* JSAppDelegate.m */,
				967374CF1915BD97005F4291 /* Main.storyboard */,
				967374D21915BD97005F4291 /* JSViewController.h */,
				967374D31915BD97005F4291 /* JSViewController.m */,
				967374D51915BD97005F4291 /* Images.xcassets */,
				967374C41915BD97005F4291 /* Supporting Files */,
			);
			path = Storyboard;
			sourceTree = "<group>";
		};
		967374C41915BD97005F4291 /* Supporting Files */ = {
			isa = PBXGroup;
			children = (
				967374C51915BD97005F4291 /* Storyboard-Info.plist */,
				967374C61915BD97005F4291 /* InfoPlist.strings */,
				967374C91915BD97005F4291 /* main.m */,
				967374CB1915BD97005F4291 /* Storyboard-Prefix.pch */,
			);
			name = "Supporting Files";
			sourceTree = "<group>";
		};
		967374E21915BD97005F4291 /* StoryboardTests */ = {
			isa = PBXGroup;
			children = (
				967374E81915BD97005F4291 /* StoryboardTests.m */,
				967374E31915BD97005F4291 /* Supporting Files */,
			);
			path = StoryboardTests;
			sourceTree = "<group>";
		};
		967374E31915BD97005F4291 /* Supporting Files */ = {
			isa = PBXGroup;
			children = (
				967374E41915BD97005F4291 /* StoryboardTests-Info.plist */,
				967374E51915BD97005F4291 /* InfoPlist.strings */,
			);
			name = "Supporting Files";
			sourceTree = "<group>";
		};
/* End PBXGroup section */

/* Begin PBXNativeTarget section */
		967374B91915BD97005F4291 /* Storyboard */ = {
			isa = PBXNativeTarget;
			buildConfigurationList = 967374EC1915BD97005F4291 /* Build configuration list for PBXNativeTarget "Storyboard" */;
			buildPhases = (
				967374B61915BD97005F4291 /* Sources */,
				967374B71915BD97005F4291 /* Frameworks */,
				967374B81915BD97005F4291 /* Resources */,
			);
			buildRules = (
			);
			dependencies = (
			);
			name = Storyboard;
			productName = Storyboard;
			productReference = 967374BA1915BD97005F4291 /* Storyboard.app */;
			productType = "com.apple.product-type.application";
		};
		967374DA1915BD97005F4291 /* StoryboardTests */ = {
			isa = PBXNativeTarget;
			buildConfigurationList = 967374EF1915BD97005F4291 /* Build configuration list for PBXNativeTarget "StoryboardTests" */;
			buildPhases = (
				967374D71915BD97005F4291 /* Sources */,
				967374D81915BD97005F4291 /* Frameworks */,
				967374D91915BD97005F4291 /* Resources */,
			);
			buildRules = (
			);
			dependencies = (
				967374E11915BD97005F4291 /* PBXTargetDependency */,
			);
			name = StoryboardTests;
			productName = StoryboardTests;
			productReference = 967374DB1915BD97005F4291 /* StoryboardTests.xctest */;
			productType = "com.apple.product-type.bundle.unit-test";
		};
/* End PBXNativeTarget section */

/* Begin PBXProject section */
		967374B21915BD97005F4291 /* Project object */ = {
			isa = PBXProject;
			attributes = {
				CLASSPREFIX = JS;
				LastUpgradeCheck = 0510;
				ORGANIZATIONNAME = jasonstyle;
				TargetAttributes = {
					967374DA1915BD97005F4291 = {
						TestTargetID = 967374B91915BD97005F4291;
					};
				};
			};
			buildConfigurationList = 967374B51915BD97005F4291 /* Build configuration list for PBXProject "Storyboard" */;
			compatibilityVersion = "Xcode 3.2";
			developmentRegion = English;
			hasScannedForEncodings = 0;
			knownRegions = (
				en,
				Base,
			);
			mainGroup = 967374B11915BD97005F4291;
			productRefGroup = 967374BB1915BD97005F4291 /* Products */;
			projectDirPath = "";
			projectRoot = "";
			targets = (
				967374B91915BD97005F4291 /* Storyboard */,
				967374DA1915BD97005F4291 /* StoryboardTests */,
			);
		};
/* End PBXProject section */

/* Begin PBXResourcesBuildPhase section */
		967374B81915BD97005F4291 /* Resources */ = {
			isa = PBXResourcesBuildPhase;
			buildActionMask = 2147483647;
			files = (
				967374D61915BD97005F4291 /* Images.xcassets in Resources */,
				967374C81915BD97005F4291 /* InfoPlist.strings in Resources */,
				967374D11915BD97005F4291 /* Main.storyboard in Resources */,
			);
			runOnlyForDeploymentPostprocessing = 0;
		};
		967374D91915BD97005F4291 /* Resources */ = {
			isa = PBXResourcesBuildPhase;
			buildActionMask = 2147483647;
			files = (
				967374E71915BD97005F4291 /* InfoPlist.strings in Resources */,
			);
			runOnlyForDeploymentPostprocessing = 0;
		};
/* End PBXResourcesBuildPhase section */

/* Begin PBXSourcesBuildPhase section */
		967374B61915BD97005F4291 /* Sources */ = {
			isa = PBXSourcesBuildPhase;
			buildActionMask = 2147483647;
			files = (
				967374CA1915BD97005F4291 /* main.m in Sources */,
				967374D41915BD97005F4291 /* JSViewController.m in Sources */,
				967374CE1915BD97005F4291 /* JSAppDelegate.m in Sources */,
			);
			runOnlyForDeploymentPostprocessing = 0;
		};
		967374D71915BD97005F4291 /* Sources */ = {
			isa = PBXSourcesBuildPhase;
			buildActionMask = 2147483647;
			files = (
				967374E91915BD97005F4291 /* StoryboardTests.m in Sources */,
			);
			runOnlyForDeploymentPostprocessing = 0;
		};
/* End PBXSourcesBuildPhase section */

/* Begin PBXTargetDependency section */
		967374E11915BD97005F4291 /* PBXTargetDependency */ = {
			isa = PBXTargetDependency;
			target = 967374B91915BD97005F4291 /* Storyboard */;
			targetProxy = 967374E01915BD97005F4291 /* PBXContainerItemProxy */;
		};
/* End PBXTargetDependency section */

/* Begin PBXVariantGroup section */
		967374C61915BD97005F4291 /* InfoPlist.strings */ = {
			isa = PBXVariantGroup;
			children = (
				967374C71915BD97005F4291 /* en */,
			);
			name = InfoPlist.strings;
			sourceTree = "<group>";
		};
		967374CF1915BD97005F4291 /* Main.storyboard */ = {
			isa = PBXVariantGroup;
			children = (
				967374D01915BD97005F4291 /* Base */,
			);
			name = Main.storyboard;
			sourceTree = "<group>";
		};
		967374E51915BD97005F4291 /* InfoPlist.strings */ = {
			isa = PBXVariantGroup;
			children = (
				967374E61915BD97005F4291 /* en */,
			);
			name = InfoPlist.strings;
			sourceTree = "<group>";
		};
/* End PBXVariantGroup section */

/* Begin XCBuildConfiguration section */
		967374EA1915BD97005F4291 /* Debug */ = {
			isa = XCBuildConfiguration;
			buildSettings = {
				ALWAYS_SEARCH_USER_PATHS = NO;
				CLANG_CXX_LANGUAGE_STANDARD = "gnu++0x";
				CLANG_CXX_LIBRARY = "libc++";
				CLANG_ENABLE_MODULES = YES;
				CLANG_ENABLE_OBJC_ARC = YES;
				CLANG_WARN_BOOL_CONVERSION = YES;
				CLANG_WARN_CONSTANT_CONVERSION = YES;
				CLANG_WARN_DIRECT_OBJC_ISA_USAGE = YES_ERROR;
				CLANG_WARN_EMPTY_BODY = YES;
				CLANG_WARN_ENUM_CONVERSION = YES;
				CLANG_WARN_INT_CONVERSION = YES;
				CLANG_WARN_OBJC_ROOT_CLASS = YES_ERROR;
				CLANG_WARN__DUPLICATE_METHOD_MATCH = YES;
				"CODE_SIGN_IDENTITY[sdk=iphoneos*]" = "iPhone Developer";
				COPY_PHASE_STRIP = NO;
				GCC_C_LANGUAGE_STANDARD = gnu99;
				GCC_DYNAMIC_NO_PIC = NO;
				GCC_OPTIMIZATION_LEVEL = 0;
				GCC_PREPROCESSOR_DEFINITIONS = (
					"DEBUG=1",
					"$(inherited)",
				);
				GCC_SYMBOLS_PRIVATE_EXTERN = NO;
				GCC_WARN_64_TO_32_BIT_CONVERSION = YES;
				GCC_WARN_ABOUT_RETURN_TYPE = YES_ERROR;
				GCC_WARN_UNDECLARED_SELECTOR = YES;
				GCC_WARN_UNINITIALIZED_AUTOS = YES_AGGRESSIVE;
				GCC_WARN_UNUSED_FUNCTION = YES;
				GCC_WARN_UNUSED_VARIABLE = YES;
				IPHONEOS_DEPLOYMENT_TARGET = 7.1;
				ONLY_ACTIVE_ARCH = YES;
				SDKROOT = iphoneos;
			};
			name = Debug;
		};
		967374EB1915BD97005F4291 /* Release */ = {
			isa = XCBuildConfiguration;
			buildSettings = {
				ALWAYS_SEARCH_USER_PATHS = NO;
				CLANG_CXX_LANGUAGE_STANDARD = "gnu++0x";
				CLANG_CXX_LIBRARY = "libc++";
				CLANG_ENABLE_MODULES = YES;
				CLANG_ENABLE_OBJC_ARC = YES;
				CLANG_WARN_BOOL_CONVERSION = YES;
				CLANG_WARN_CONSTANT_CONVERSION = YES;
				CLANG_WARN_DIRECT_OBJC_ISA_USAGE = YES_ERROR;
				CLANG_WARN_EMPTY_BODY = YES;
				CLANG_WARN_ENUM_CONVERSION = YES;
				CLANG_WARN_INT_CONVERSION = YES;
				CLANG_WARN_OBJC_ROOT_CLASS = YES_ERROR;
				CLANG_WARN__DUPLICATE_METHOD_MATCH = YES;
				"CODE_SIGN_IDENTITY[sdk=iphoneos*]" = "iPhone Developer";
				COPY_PHASE_STRIP = YES;
				ENABLE_NS_ASSERTIONS = NO;
				GCC_C_LANGUAGE_STANDARD = gnu99;
				GCC_WARN_64_TO_32_BIT_CONVERSION = YES;
				GCC_WARN_ABOUT_RETURN_TYPE = YES_ERROR;
				GCC_WARN_UNDECLARED_SELECTOR = YES;
				GCC_WARN_UNINITIALIZED_AUTOS = YES_AGGRESSIVE;
				GCC_WARN_UNUSED_FUNCTION = YES;
				GCC_WARN_UNUSED_VARIABLE = YES;
				IPHONEOS_DEPLOYMENT_TARGET = 7.1;
				SDKROOT = iphoneos;
				VALIDATE_PRODUCT = YES;
			};
			name = Release;
		};
		967374ED1915BD97005F4291 /* Debug */ = {
			isa = XCBuildConfiguration;
			buildSettings = {
				ASSETCATALOG_COMPILER_APPICON_NAME = AppIcon;
				ASSETCATALOG_COMPILER_LAUNCHIMAGE_NAME = LaunchImage;
				GCC_PRECOMPILE_PREFIX_HEADER = YES;
				GCC_PREFIX_HEADER = "Storyboard/Storyboard-Prefix.pch";
				INFOPLIST_FILE = "Storyboard/Storyboard-Info.plist";
				PRODUCT_NAME = "$(TARGET_NAME)";
				WRAPPER_EXTENSION = app;
			};
			name = Debug;
		};
		967374EE1915BD97005F4291 /* Release */ = {
			isa = XCBuildConfiguration;
			buildSettings = {
				ASSETCATALOG_COMPILER_APPICON_NAME = AppIcon;
				ASSETCATALOG_COMPILER_LAUNCHIMAGE_NAME = LaunchImage;
				GCC_PRECOMPILE_PREFIX_HEADER = YES;
				GCC_PREFIX_HEADER = "Storyboard/Storyboard-Prefix.pch";
				INFOPLIST_FILE = "Storyboard/Storyboard-Info.plist";
				PRODUCT_NAME = "$(TARGET_NAME)";
				WRAPPER_EXTENSION = app;
			};
			name = Release;
		};
		967374F01915BD97005F4291 /* Debug */ = {
			isa = XCBuildConfiguration;
			buildSettings = {
				BUNDLE_LOADER = "$(BUILT_PRODUCTS_DIR)/Storyboard.app/Storyboard";
				FRAMEWORK_SEARCH_PATHS = (
					"$(SDKROOT)/Developer/Library/Frameworks",
					"$(inherited)",
					"$(DEVELOPER_FRAMEWORKS_DIR)",
				);
				GCC_PRECOMPILE_PREFIX_HEADER = YES;
				GCC_PREFIX_HEADER = "Storyboard/Storyboard-Prefix.pch";
				GCC_PREPROCESSOR_DEFINITIONS = (
					"DEBUG=1",
					"$(inherited)",
				);
				INFOPLIST_FILE = "StoryboardTests/StoryboardTests-Info.plist";
				PRODUCT_NAME = "$(TARGET_NAME)";
				TEST_HOST = "$(BUNDLE_LOADER)";
				WRAPPER_EXTENSION = xctest;
			};
			name = Debug;
		};
		967374F11915BD97005F4291 /* Release */ = {
			isa = XCBuildConfiguration;
			buildSettings = {
				BUNDLE_LOADER = "$(BUILT_PRODUCTS_DIR)/Storyboard.app/Storyboard";
				FRAMEWORK_SEARCH_PATHS = (
					"$(SDKROOT)/Developer/Library/Frameworks",
					"$(inherited)",
					"$(DEVELOPER_FRAMEWORKS_DIR)",
				);
				GCC_PRECOMPILE_PREFIX_HEADER = YES;
				GCC_PREFIX_HEADER = "Storyboard/Storyboard-Prefix.pch";
				INFOPLIST_FILE = "StoryboardTests/StoryboardTests-Info.plist";
				PRODUCT_NAME = "$(TARGET_NAME)";
				TEST_HOST = "$(BUNDLE_LOADER)";
				WRAPPER_EXTENSION = xctest;
			};
			name = Release;
		};
/* End XCBuildConfiguration section */

/* Begin XCConfigurationList section */
		967374B51915BD97005F4291 /* Build configuration list for PBXProject "Storyboard" */ = {
			isa = XCConfigurationList;
			buildConfigurations = (
				967374EA1915BD97005F4291 /* Debug */,
				967374EB1915BD97005F4291 /* Release */,
			);
			defaultConfigurationIsVisible = 0;
			defaultConfigurationName = Release;
		};
		967374EC1915BD97005F4291 /* Build configuration list for PBXNativeTarget "Storyboard" */ = {
			isa = XCConfigurationList;
			buildConfigurations = (
				967374ED1915BD97005F4291 /* Debug */,
				967374EE1915BD97005F4291 /* Release */,
			);
			defaultConfigurationIsVisible = 0;
		};
		967374EF1915BD97005F4291 /* Build configuration list for PBXNativeTarget "StoryboardTests" */ = {
			isa = XCConfigurationList;
			buildConfigurations = (
				967374F01915BD97005F4291 /* Debug */,
				967374F11915BD97005F4291 /* Release */,
			);
			defaultConfigurationIsVisible = 0;
		};
/* End XCConfigurationList section */
	};
	rootObject = 967374B21915BD97005F4291 /* Project object */;
}
